// !$*UTF8*$!
{
	archiveVersion = 1;
	classes = {
	};
	objectVersion = 50;
	objects = {

/* Begin PBXBuildFile section */
		402C6DA22539B8FB00B3F0D2 /* GoogleService-Info.plist in Resources */ = {isa = PBXBuildFile; fileRef = 402C6DA12539B8FB00B3F0D2 /* GoogleService-Info.plist */; };
		40E935B52539ADD200C7E785 /* AppDelegate.swift in Sources */ = {isa = PBXBuildFile; fileRef = 40E935B42539ADD200C7E785 /* AppDelegate.swift */; };
		40E935B72539ADD200C7E785 /* SceneDelegate.swift in Sources */ = {isa = PBXBuildFile; fileRef = 40E935B62539ADD200C7E785 /* SceneDelegate.swift */; };
		40E935B92539ADD200C7E785 /* ViewController.swift in Sources */ = {isa = PBXBuildFile; fileRef = 40E935B82539ADD200C7E785 /* ViewController.swift */; };
		40E935BC2539ADD200C7E785 /* Main.storyboard in Resources */ = {isa = PBXBuildFile; fileRef = 40E935BA2539ADD200C7E785 /* Main.storyboard */; };
		40E935BE2539ADD400C7E785 /* Assets.xcassets in Resources */ = {isa = PBXBuildFile; fileRef = 40E935BD2539ADD400C7E785 /* Assets.xcassets */; };
		40E935C12539ADD400C7E785 /* LaunchScreen.storyboard in Resources */ = {isa = PBXBuildFile; fileRef = 40E935BF2539ADD400C7E785 /* LaunchScreen.storyboard */; };
		40E935CC2539ADD500C7E785 /* RatesRSSTests.swift in Sources */ = {isa = PBXBuildFile; fileRef = 40E935CB2539ADD500C7E785 /* RatesRSSTests.swift */; };
		40E935D72539ADD500C7E785 /* RatesRSSUITests.swift in Sources */ = {isa = PBXBuildFile; fileRef = 40E935D62539ADD500C7E785 /* RatesRSSUITests.swift */; };
/* End PBXBuildFile section */

/* Begin PBXContainerItemProxy section */
		40E935C82539ADD500C7E785 /* PBXContainerItemProxy */ = {
			isa = PBXContainerItemProxy;
			containerPortal = 40E935A92539ADD200C7E785 /* Project object */;
			proxyType = 1;
			remoteGlobalIDString = 40E935B02539ADD200C7E785;
			remoteInfo = RatesRSS;
		};
		40E935D32539ADD500C7E785 /* PBXContainerItemProxy */ = {
			isa = PBXContainerItemProxy;
			containerPortal = 40E935A92539ADD200C7E785 /* Project object */;
			proxyType = 1;
			remoteGlobalIDString = 40E935B02539ADD200C7E785;
			remoteInfo = RatesRSS;
		};
/* End PBXContainerItemProxy section */

/* Begin PBXFileReference section */
		402C6DA12539B8FB00B3F0D2 /* GoogleService-Info.plist */ = {isa = PBXFileReference; fileEncoding = 4; lastKnownFileType = text.plist.xml; path = "GoogleService-Info.plist"; sourceTree = "<group>"; };
		40E935B12539ADD200C7E785 /* RatesRSS.app */ = {isa = PBXFileReference; explicitFileType = wrapper.application; includeInIndex = 0; path = RatesRSS.app; sourceTree = BUILT_PRODUCTS_DIR; };
		40E935B42539ADD200C7E785 /* AppDelegate.swift */ = {isa = PBXFileReference; lastKnownFileType = sourcecode.swift; path = AppDelegate.swift; sourceTree = "<group>"; };
		40E935B62539ADD200C7E785 /* SceneDelegate.swift */ = {isa = PBXFileReference; lastKnownFileType = sourcecode.swift; path = SceneDelegate.swift; sourceTree = "<group>"; };
		40E935B82539ADD200C7E785 /* ViewController.swift */ = {isa = PBXFileReference; lastKnownFileType = sourcecode.swift; path = ViewController.swift; sourceTree = "<group>"; };
		40E935BB2539ADD200C7E785 /* Base */ = {isa = PBXFileReference; lastKnownFileType = file.storyboard; name = Base; path = Base.lproj/Main.storyboard; sourceTree = "<group>"; };
		40E935BD2539ADD400C7E785 /* Assets.xcassets */ = {isa = PBXFileReference; lastKnownFileType = folder.assetcatalog; path = Assets.xcassets; sourceTree = "<group>"; };
		40E935C02539ADD400C7E785 /* Base */ = {isa = PBXFileReference; lastKnownFileType = file.storyboard; name = Base; path = Base.lproj/LaunchScreen.storyboard; sourceTree = "<group>"; };
		40E935C22539ADD400C7E785 /* Info.plist */ = {isa = PBXFileReference; lastKnownFileType = text.plist.xml; path = Info.plist; sourceTree = "<group>"; };
		40E935C72539ADD500C7E785 /* RatesRSSTests.xctest */ = {isa = PBXFileReference; explicitFileType = wrapper.cfbundle; includeInIndex = 0; path = RatesRSSTests.xctest; sourceTree = BUILT_PRODUCTS_DIR; };
		40E935CB2539ADD500C7E785 /* RatesRSSTests.swift */ = {isa = PBXFileReference; lastKnownFileType = sourcecode.swift; path = RatesRSSTests.swift; sourceTree = "<group>"; };
		40E935CD2539ADD500C7E785 /* Info.plist */ = {isa = PBXFileReference; lastKnownFileType = text.plist.xml; path = Info.plist; sourceTree = "<group>"; };
		40E935D22539ADD500C7E785 /* RatesRSSUITests.xctest */ = {isa = PBXFileReference; explicitFileType = wrapper.cfbundle; includeInIndex = 0; path = RatesRSSUITests.xctest; sourceTree = BUILT_PRODUCTS_DIR; };
		40E935D62539ADD500C7E785 /* RatesRSSUITests.swift */ = {isa = PBXFileReference; lastKnownFileType = sourcecode.swift; path = RatesRSSUITests.swift; sourceTree = "<group>"; };
		40E935D82539ADD500C7E785 /* Info.plist */ = {isa = PBXFileReference; lastKnownFileType = text.plist.xml; path = Info.plist; sourceTree = "<group>"; };
/* End PBXFileReference section */

/* Begin PBXFrameworksBuildPhase section */
		40E935AE2539ADD200C7E785 /* Frameworks */ = {
			isa = PBXFrameworksBuildPhase;
			buildActionMask = 2147483647;
			files = (
			);
			runOnlyForDeploymentPostprocessing = 0;
		};
		40E935C42539ADD500C7E785 /* Frameworks */ = {
			isa = PBXFrameworksBuildPhase;
			buildActionMask = 2147483647;
			files = (
			);
			runOnlyForDeploymentPostprocessing = 0;
		};
		40E935CF2539ADD500C7E785 /* Frameworks */ = {
			isa = PBXFrameworksBuildPhase;
			buildActionMask = 2147483647;
			files = (
			);
			runOnlyForDeploymentPostprocessing = 0;
		};
/* End PBXFrameworksBuildPhase section */

/* Begin PBXGroup section */
		402C6DA02539B8AB00B3F0D2 /* Supporting */ = {
			isa = PBXGroup;
			children = (
				40E935BD2539ADD400C7E785 /* Assets.xcassets */,
				40E935BF2539ADD400C7E785 /* LaunchScreen.storyboard */,
				40E935C22539ADD400C7E785 /* Info.plist */,
				402C6DA12539B8FB00B3F0D2 /* GoogleService-Info.plist */,
			);
			path = Supporting;
			sourceTree = "<group>";
		};
		40E935A82539ADD200C7E785 = {
			isa = PBXGroup;
			children = (
				40E935B32539ADD200C7E785 /* RatesRSS */,
				40E935CA2539ADD500C7E785 /* RatesRSSTests */,
				40E935D52539ADD500C7E785 /* RatesRSSUITests */,
				40E935B22539ADD200C7E785 /* Products */,
			);
			sourceTree = "<group>";
		};
		40E935B22539ADD200C7E785 /* Products */ = {
			isa = PBXGroup;
			children = (
				40E935B12539ADD200C7E785 /* RatesRSS.app */,
				40E935C72539ADD500C7E785 /* RatesRSSTests.xctest */,
				40E935D22539ADD500C7E785 /* RatesRSSUITests.xctest */,
			);
			name = Products;
			sourceTree = "<group>";
		};
		40E935B32539ADD200C7E785 /* RatesRSS */ = {
			isa = PBXGroup;
			children = (
				40EBCC2E2539B64500F83D85 /* Model */,
				40EBCC2D2539B61500F83D85 /* View */,
				40EBCC2C2539B60600F83D85 /* Controller */,
				402C6DA02539B8AB00B3F0D2 /* Supporting */,
			);
			path = RatesRSS;
			sourceTree = "<group>";
		};
		40E935CA2539ADD500C7E785 /* RatesRSSTests */ = {
			isa = PBXGroup;
			children = (
				40E935CB2539ADD500C7E785 /* RatesRSSTests.swift */,
				40E935CD2539ADD500C7E785 /* Info.plist */,
			);
			path = RatesRSSTests;
			sourceTree = "<group>";
		};
		40E935D52539ADD500C7E785 /* RatesRSSUITests */ = {
			isa = PBXGroup;
			children = (
				40E935D62539ADD500C7E785 /* RatesRSSUITests.swift */,
				40E935D82539ADD500C7E785 /* Info.plist */,
			);
			path = RatesRSSUITests;
			sourceTree = "<group>";
		};
		40EBCC2C2539B60600F83D85 /* Controller */ = {
			isa = PBXGroup;
			children = (
				40E935B42539ADD200C7E785 /* AppDelegate.swift */,
				40E935B62539ADD200C7E785 /* SceneDelegate.swift */,
				40E935B82539ADD200C7E785 /* ViewController.swift */,
			);
			path = Controller;
			sourceTree = "<group>";
		};
		40EBCC2D2539B61500F83D85 /* View */ = {
			isa = PBXGroup;
			children = (
				40E935BA2539ADD200C7E785 /* Main.storyboard */,
			);
			path = View;
			sourceTree = "<group>";
		};
		40EBCC2E2539B64500F83D85 /* Model */ = {
			isa = PBXGroup;
			children = (
			);
			path = Model;
			sourceTree = "<group>";
		};
/* End PBXGroup section */

/* Begin PBXNativeTarget section */
		40E935B02539ADD200C7E785 /* RatesRSS */ = {
			isa = PBXNativeTarget;
			buildConfigurationList = 40E935DB2539ADD500C7E785 /* Build configuration list for PBXNativeTarget "RatesRSS" */;
			buildPhases = (
				40E935AD2539ADD200C7E785 /* Sources */,
				40E935AE2539ADD200C7E785 /* Frameworks */,
				40E935AF2539ADD200C7E785 /* Resources */,
			);
			buildRules = (
			);
			dependencies = (
			);
			name = RatesRSS;
			productName = RatesRSS;
			productReference = 40E935B12539ADD200C7E785 /* RatesRSS.app */;
			productType = "com.apple.product-type.application";
		};
		40E935C62539ADD500C7E785 /* RatesRSSTests */ = {
			isa = PBXNativeTarget;
			buildConfigurationList = 40E935DE2539ADD500C7E785 /* Build configuration list for PBXNativeTarget "RatesRSSTests" */;
			buildPhases = (
				40E935C32539ADD500C7E785 /* Sources */,
				40E935C42539ADD500C7E785 /* Frameworks */,
				40E935C52539ADD500C7E785 /* Resources */,
			);
			buildRules = (
			);
			dependencies = (
				40E935C92539ADD500C7E785 /* PBXTargetDependency */,
			);
			name = RatesRSSTests;
			productName = RatesRSSTests;
			productReference = 40E935C72539ADD500C7E785 /* RatesRSSTests.xctest */;
			productType = "com.apple.product-type.bundle.unit-test";
		};
		40E935D12539ADD500C7E785 /* RatesRSSUITests */ = {
			isa = PBXNativeTarget;
			buildConfigurationList = 40E935E12539ADD500C7E785 /* Build configuration list for PBXNativeTarget "RatesRSSUITests" */;
			buildPhases = (
				40E935CE2539ADD500C7E785 /* Sources */,
				40E935CF2539ADD500C7E785 /* Frameworks */,
				40E935D02539ADD500C7E785 /* Resources */,
			);
			buildRules = (
			);
			dependencies = (
				40E935D42539ADD500C7E785 /* PBXTargetDependency */,
			);
			name = RatesRSSUITests;
			productName = RatesRSSUITests;
			productReference = 40E935D22539ADD500C7E785 /* RatesRSSUITests.xctest */;
			productType = "com.apple.product-type.bundle.ui-testing";
		};
/* End PBXNativeTarget section */

/* Begin PBXProject section */
		40E935A92539ADD200C7E785 /* Project object */ = {
			isa = PBXProject;
			attributes = {
				LastSwiftUpdateCheck = 1200;
				LastUpgradeCheck = 1200;
				TargetAttributes = {
					40E935B02539ADD200C7E785 = {
						CreatedOnToolsVersion = 12.0.1;
					};
					40E935C62539ADD500C7E785 = {
						CreatedOnToolsVersion = 12.0.1;
						TestTargetID = 40E935B02539ADD200C7E785;
					};
					40E935D12539ADD500C7E785 = {
						CreatedOnToolsVersion = 12.0.1;
						TestTargetID = 40E935B02539ADD200C7E785;
					};
				};
			};
			buildConfigurationList = 40E935AC2539ADD200C7E785 /* Build configuration list for PBXProject "RatesRSS" */;
			compatibilityVersion = "Xcode 9.3";
			developmentRegion = en;
			hasScannedForEncodings = 0;
			knownRegions = (
				en,
				Base,
			);
			mainGroup = 40E935A82539ADD200C7E785;
			productRefGroup = 40E935B22539ADD200C7E785 /* Products */;
			projectDirPath = "";
			projectRoot = "";
			targets = (
				40E935B02539ADD200C7E785 /* RatesRSS */,
				40E935C62539ADD500C7E785 /* RatesRSSTests */,
				40E935D12539ADD500C7E785 /* RatesRSSUITests */,
			);
		};
/* End PBXProject section */

/* Begin PBXResourcesBuildPhase section */
		40E935AF2539ADD200C7E785 /* Resources */ = {
			isa = PBXResourcesBuildPhase;
			buildActionMask = 2147483647;
			files = (
				40E935C12539ADD400C7E785 /* LaunchScreen.storyboard in Resources */,
				402C6DA22539B8FB00B3F0D2 /* GoogleService-Info.plist in Resources */,
				40E935BE2539ADD400C7E785 /* Assets.xcassets in Resources */,
				40E935BC2539ADD200C7E785 /* Main.storyboard in Resources */,
			);
			runOnlyForDeploymentPostprocessing = 0;
		};
		40E935C52539ADD500C7E785 /* Resources */ = {
			isa = PBXResourcesBuildPhase;
			buildActionMask = 2147483647;
			files = (
			);
			runOnlyForDeploymentPostprocessing = 0;
		};
		40E935D02539ADD500C7E785 /* Resources */ = {
			isa = PBXResourcesBuildPhase;
			buildActionMask = 2147483647;
			files = (
			);
			runOnlyForDeploymentPostprocessing = 0;
		};
/* End PBXResourcesBuildPhase section */

/* Begin PBXSourcesBuildPhase section */
		40E935AD2539ADD200C7E785 /* Sources */ = {
			isa = PBXSourcesBuildPhase;
			buildActionMask = 2147483647;
			files = (
				40E935B92539ADD200C7E785 /* ViewController.swift in Sources */,
				40E935B52539ADD200C7E785 /* AppDelegate.swift in Sources */,
				40E935B72539ADD200C7E785 /* SceneDelegate.swift in Sources */,
			);
			runOnlyForDeploymentPostprocessing = 0;
		};
		40E935C32539ADD500C7E785 /* Sources */ = {
			isa = PBXSourcesBuildPhase;
			buildActionMask = 2147483647;
			files = (
				40E935CC2539ADD500C7E785 /* RatesRSSTests.swift in Sources */,
			);
			runOnlyForDeploymentPostprocessing = 0;
		};
		40E935CE2539ADD500C7E785 /* Sources */ = {
			isa = PBXSourcesBuildPhase;
			buildActionMask = 2147483647;
			files = (
				40E935D72539ADD500C7E785 /* RatesRSSUITests.swift in Sources */,
			);
			runOnlyForDeploymentPostprocessing = 0;
		};
/* End PBXSourcesBuildPhase section */

/* Begin PBXTargetDependency section */
		40E935C92539ADD500C7E785 /* PBXTargetDependency */ = {
			isa = PBXTargetDependency;
			target = 40E935B02539ADD200C7E785 /* RatesRSS */;
			targetProxy = 40E935C82539ADD500C7E785 /* PBXContainerItemProxy */;
		};
		40E935D42539ADD500C7E785 /* PBXTargetDependency */ = {
			isa = PBXTargetDependency;
			target = 40E935B02539ADD200C7E785 /* RatesRSS */;
			targetProxy = 40E935D32539ADD500C7E785 /* PBXContainerItemProxy */;
		};
/* End PBXTargetDependency section */

/* Begin PBXVariantGroup section */
		40E935BA2539ADD200C7E785 /* Main.storyboard */ = {
			isa = PBXVariantGroup;
			children = (
				40E935BB2539ADD200C7E785 /* Base */,
			);
			name = Main.storyboard;
			sourceTree = "<group>";
		};
		40E935BF2539ADD400C7E785 /* LaunchScreen.storyboard */ = {
			isa = PBXVariantGroup;
			children = (
				40E935C02539ADD400C7E785 /* Base */,
			);
			name = LaunchScreen.storyboard;
			sourceTree = "<group>";
		};
/* End PBXVariantGroup section */

/* Begin XCBuildConfiguration section */
		40E935D92539ADD500C7E785 /* Debug */ = {
			isa = XCBuildConfiguration;
			buildSettings = {
				ALWAYS_SEARCH_USER_PATHS = NO;
				CLANG_ANALYZER_NONNULL = YES;
				CLANG_ANALYZER_NUMBER_OBJECT_CONVERSION = YES_AGGRESSIVE;
				CLANG_CXX_LANGUAGE_STANDARD = "gnu++14";
				CLANG_CXX_LIBRARY = "libc++";
				CLANG_ENABLE_MODULES = YES;
				CLANG_ENABLE_OBJC_ARC = YES;
				CLANG_ENABLE_OBJC_WEAK = YES;
				CLANG_WARN_BLOCK_CAPTURE_AUTORELEASING = YES;
				CLANG_WARN_BOOL_CONVERSION = YES;
				CLANG_WARN_COMMA = YES;
				CLANG_WARN_CONSTANT_CONVERSION = YES;
				CLANG_WARN_DEPRECATED_OBJC_IMPLEMENTATIONS = YES;
				CLANG_WARN_DIRECT_OBJC_ISA_USAGE = YES_ERROR;
				CLANG_WARN_DOCUMENTATION_COMMENTS = YES;
				CLANG_WARN_EMPTY_BODY = YES;
				CLANG_WARN_ENUM_CONVERSION = YES;
				CLANG_WARN_INFINITE_RECURSION = YES;
				CLANG_WARN_INT_CONVERSION = YES;
				CLANG_WARN_NON_LITERAL_NULL_CONVERSION = YES;
				CLANG_WARN_OBJC_IMPLICIT_RETAIN_SELF = YES;
				CLANG_WARN_OBJC_LITERAL_CONVERSION = YES;
				CLANG_WARN_OBJC_ROOT_CLASS = YES_ERROR;
				CLANG_WARN_QUOTED_INCLUDE_IN_FRAMEWORK_HEADER = YES;
				CLANG_WARN_RANGE_LOOP_ANALYSIS = YES;
				CLANG_WARN_STRICT_PROTOTYPES = YES;
				CLANG_WARN_SUSPICIOUS_MOVE = YES;
				CLANG_WARN_UNGUARDED_AVAILABILITY = YES_AGGRESSIVE;
				CLANG_WARN_UNREACHABLE_CODE = YES;
				CLANG_WARN__DUPLICATE_METHOD_MATCH = YES;
				COPY_PHASE_STRIP = NO;
				DEBUG_INFORMATION_FORMAT = dwarf;
				ENABLE_STRICT_OBJC_MSGSEND = YES;
				ENABLE_TESTABILITY = YES;
				GCC_C_LANGUAGE_STANDARD = gnu11;
				GCC_DYNAMIC_NO_PIC = NO;
				GCC_NO_COMMON_BLOCKS = YES;
				GCC_OPTIMIZATION_LEVEL = 0;
				GCC_PREPROCESSOR_DEFINITIONS = (
					"DEBUG=1",
					"$(inherited)",
				);
				GCC_WARN_64_TO_32_BIT_CONVERSION = YES;
				GCC_WARN_ABOUT_RETURN_TYPE = YES_ERROR;
				GCC_WARN_UNDECLARED_SELECTOR = YES;
				GCC_WARN_UNINITIALIZED_AUTOS = YES_AGGRESSIVE;
				GCC_WARN_UNUSED_FUNCTION = YES;
				GCC_WARN_UNUSED_VARIABLE = YES;
				IPHONEOS_DEPLOYMENT_TARGET = 14.0;
				MTL_ENABLE_DEBUG_INFO = INCLUDE_SOURCE;
				MTL_FAST_MATH = YES;
				ONLY_ACTIVE_ARCH = YES;
				SDKROOT = iphoneos;
				SWIFT_ACTIVE_COMPILATION_CONDITIONS = DEBUG;
				SWIFT_OPTIMIZATION_LEVEL = "-Onone";
			};
			name = Debug;
		};
		40E935DA2539ADD500C7E785 /* Release */ = {
			isa = XCBuildConfiguration;
			buildSettings = {
				ALWAYS_SEARCH_USER_PATHS = NO;
				CLANG_ANALYZER_NONNULL = YES;
				CLANG_ANALYZER_NUMBER_OBJECT_CONVERSION = YES_AGGRESSIVE;
				CLANG_CXX_LANGUAGE_STANDARD = "gnu++14";
				CLANG_CXX_LIBRARY = "libc++";
				CLANG_ENABLE_MODULES = YES;
				CLANG_ENABLE_OBJC_ARC = YES;
				CLANG_ENABLE_OBJC_WEAK = YES;
				CLANG_WARN_BLOCK_CAPTURE_AUTORELEASING = YES;
				CLANG_WARN_BOOL_CONVERSION = YES;
				CLANG_WARN_COMMA = YES;
				CLANG_WARN_CONSTANT_CONVERSION = YES;
				CLANG_WARN_DEPRECATED_OBJC_IMPLEMENTATIONS = YES;
				CLANG_WARN_DIRECT_OBJC_ISA_USAGE = YES_ERROR;
				CLANG_WARN_DOCUMENTATION_COMMENTS = YES;
				CLANG_WARN_EMPTY_BODY = YES;
				CLANG_WARN_ENUM_CONVERSION = YES;
				CLANG_WARN_INFINITE_RECURSION = YES;
				CLANG_WARN_INT_CONVERSION = YES;
				CLANG_WARN_NON_LITERAL_NULL_CONVERSION = YES;
				CLANG_WARN_OBJC_IMPLICIT_RETAIN_SELF = YES;
				CLANG_WARN_OBJC_LITERAL_CONVERSION = YES;
				CLANG_WARN_OBJC_ROOT_CLASS = YES_ERROR;
				CLANG_WARN_QUOTED_INCLUDE_IN_FRAMEWORK_HEADER = YES;
				CLANG_WARN_RANGE_LOOP_ANALYSIS = YES;
				CLANG_WARN_STRICT_PROTOTYPES = YES;
				CLANG_WARN_SUSPICIOUS_MOVE = YES;
				CLANG_WARN_UNGUARDED_AVAILABILITY = YES_AGGRESSIVE;
				CLANG_WARN_UNREACHABLE_CODE = YES;
				CLANG_WARN__DUPLICATE_METHOD_MATCH = YES;
				COPY_PHASE_STRIP = NO;
				DEBUG_INFORMATION_FORMAT = "dwarf-with-dsym";
				ENABLE_NS_ASSERTIONS = NO;
				ENABLE_STRICT_OBJC_MSGSEND = YES;
				GCC_C_LANGUAGE_STANDARD = gnu11;
				GCC_NO_COMMON_BLOCKS = YES;
				GCC_WARN_64_TO_32_BIT_CONVERSION = YES;
				GCC_WARN_ABOUT_RETURN_TYPE = YES_ERROR;
				GCC_WARN_UNDECLARED_SELECTOR = YES;
				GCC_WARN_UNINITIALIZED_AUTOS = YES_AGGRESSIVE;
				GCC_WARN_UNUSED_FUNCTION = YES;
				GCC_WARN_UNUSED_VARIABLE = YES;
				IPHONEOS_DEPLOYMENT_TARGET = 14.0;
				MTL_ENABLE_DEBUG_INFO = NO;
				MTL_FAST_MATH = YES;
				SDKROOT = iphoneos;
				SWIFT_COMPILATION_MODE = wholemodule;
				SWIFT_OPTIMIZATION_LEVEL = "-O";
				VALIDATE_PRODUCT = YES;
			};
			name = Release;
		};
		40E935DC2539ADD500C7E785 /* Debug */ = {
			isa = XCBuildConfiguration;
			buildSettings = {
				ASSETCATALOG_COMPILER_APPICON_NAME = AppIcon;
				ASSETCATALOG_COMPILER_GLOBAL_ACCENT_COLOR_NAME = AccentColor;
				CODE_SIGN_STYLE = Automatic;
				DEVELOPMENT_TEAM = 42CT5J9LSB;
				INFOPLIST_FILE = RatesRSS/Info.plist;
				IPHONEOS_DEPLOYMENT_TARGET = 11.0;
				LD_RUNPATH_SEARCH_PATHS = (
					"$(inherited)",
					"@executable_path/Frameworks",
				);
				PRODUCT_BUNDLE_IDENTIFIER = ru.uncorp.RatesRSS;
				PRODUCT_NAME = "$(TARGET_NAME)";
				SWIFT_VERSION = 5.0;
				TARGETED_DEVICE_FAMILY = "1,2";
			};
			name = Debug;
		};
		40E935DD2539ADD500C7E785 /* Release */ = {
			isa = XCBuildConfiguration;
			buildSettings = {
				ASSETCATALOG_COMPILER_APPICON_NAME = AppIcon;
				ASSETCATALOG_COMPILER_GLOBAL_ACCENT_COLOR_NAME = AccentColor;
				CODE_SIGN_STYLE = Automatic;
				DEVELOPMENT_TEAM = 42CT5J9LSB;
				INFOPLIST_FILE = RatesRSS/Info.plist;
				IPHONEOS_DEPLOYMENT_TARGET = 11.0;
				LD_RUNPATH_SEARCH_PATHS = (
					"$(inherited)",
					"@executable_path/Frameworks",
				);
				PRODUCT_BUNDLE_IDENTIFIER = ru.uncorp.RatesRSS;
				PRODUCT_NAME = "$(TARGET_NAME)";
				SWIFT_VERSION = 5.0;
				TARGETED_DEVICE_FAMILY = "1,2";
			};
			name = Release;
		};
		40E935DF2539ADD500C7E785 /* Debug */ = {
			isa = XCBuildConfiguration;
			buildSettings = {
				ALWAYS_EMBED_SWIFT_STANDARD_LIBRARIES = YES;
				BUNDLE_LOADER = "$(TEST_HOST)";
				CODE_SIGN_STYLE = Automatic;
				DEVELOPMENT_TEAM = 42CT5J9LSB;
				INFOPLIST_FILE = RatesRSSTests/Info.plist;
				IPHONEOS_DEPLOYMENT_TARGET = 14.0;
				LD_RUNPATH_SEARCH_PATHS = (
					"$(inherited)",
					"@executable_path/Frameworks",
					"@loader_path/Frameworks",
				);
				PRODUCT_BUNDLE_IDENTIFIER = ru.uncorp.RatesRSSTests;
				PRODUCT_NAME = "$(TARGET_NAME)";
				SWIFT_VERSION = 5.0;
				TARGETED_DEVICE_FAMILY = "1,2";
				TEST_HOST = "$(BUILT_PRODUCTS_DIR)/RatesRSS.app/RatesRSS";
			};
			name = Debug;
		};
		40E935E02539ADD500C7E785 /* Release */ = {
			isa = XCBuildConfiguration;
			buildSettings = {
				ALWAYS_EMBED_SWIFT_STANDARD_LIBRARIES = YES;
				BUNDLE_LOADER = "$(TEST_HOST)";
				CODE_SIGN_STYLE = Automatic;
				DEVELOPMENT_TEAM = 42CT5J9LSB;
				INFOPLIST_FILE = RatesRSSTests/Info.plist;
				IPHONEOS_DEPLOYMENT_TARGET = 14.0;
				LD_RUNPATH_SEARCH_PATHS = (
					"$(inherited)",
					"@executable_path/Frameworks",
					"@loader_path/Frameworks",
				);
				PRODUCT_BUNDLE_IDENTIFIER = ru.uncorp.RatesRSSTests;
				PRODUCT_NAME = "$(TARGET_NAME)";
				SWIFT_VERSION = 5.0;
				TARGETED_DEVICE_FAMILY = "1,2";
				TEST_HOST = "$(BUILT_PRODUCTS_DIR)/RatesRSS.app/RatesRSS";
			};
			name = Release;
		};
		40E935E22539ADD500C7E785 /* Debug */ = {
			isa = XCBuildConfiguration;
			buildSettings = {
				ALWAYS_EMBED_SWIFT_STANDARD_LIBRARIES = YES;
				CODE_SIGN_STYLE = Automatic;
				DEVELOPMENT_TEAM = 42CT5J9LSB;
				INFOPLIST_FILE = RatesRSSUITests/Info.plist;
				LD_RUNPATH_SEARCH_PATHS = (
					"$(inherited)",
					"@executable_path/Frameworks",
					"@loader_path/Frameworks",
				);
				PRODUCT_BUNDLE_IDENTIFIER = ru.uncorp.RatesRSSUITests;
				PRODUCT_NAME = "$(TARGET_NAME)";
				SWIFT_VERSION = 5.0;
				TARGETED_DEVICE_FAMILY = "1,2";
				TEST_TARGET_NAME = RatesRSS;
			};
			name = Debug;
		};
		40E935E32539ADD500C7E785 /* Release */ = {
			isa = XCBuildConfiguration;
			buildSettings = {
				ALWAYS_EMBED_SWIFT_STANDARD_LIBRARIES = YES;
				CODE_SIGN_STYLE = Automatic;
				DEVELOPMENT_TEAM = 42CT5J9LSB;
				INFOPLIST_FILE = RatesRSSUITests/Info.plist;
				LD_RUNPATH_SEARCH_PATHS = (
					"$(inherited)",
					"@executable_path/Frameworks",
					"@loader_path/Frameworks",
				);
				PRODUCT_BUNDLE_IDENTIFIER = ru.uncorp.RatesRSSUITests;
				PRODUCT_NAME = "$(TARGET_NAME)";
				SWIFT_VERSION = 5.0;
				TARGETED_DEVICE_FAMILY = "1,2";
				TEST_TARGET_NAME = RatesRSS;
			};
			name = Release;
		};
/* End XCBuildConfiguration section */

/* Begin XCConfigurationList section */
		40E935AC2539ADD200C7E785 /* Build configuration list for PBXProject "RatesRSS" */ = {
			isa = XCConfigurationList;
			buildConfigurations = (
				40E935D92539ADD500C7E785 /* Debug */,
				40E935DA2539ADD500C7E785 /* Release */,
			);
			defaultConfigurationIsVisible = 0;
			defaultConfigurationName = Release;
		};
		40E935DB2539ADD500C7E785 /* Build configuration list for PBXNativeTarget "RatesRSS" */ = {
			isa = XCConfigurationList;
			buildConfigurations = (
				40E935DC2539ADD500C7E785 /* Debug */,
				40E935DD2539ADD500C7E785 /* Release */,
			);
			defaultConfigurationIsVisible = 0;
			defaultConfigurationName = Release;
		};
		40E935DE2539ADD500C7E785 /* Build configuration list for PBXNativeTarget "RatesRSSTests" */ = {
			isa = XCConfigurationList;
			buildConfigurations = (
				40E935DF2539ADD500C7E785 /* Debug */,
				40E935E02539ADD500C7E785 /* Release */,
			);
			defaultConfigurationIsVisible = 0;
			defaultConfigurationName = Release;
		};
		40E935E12539ADD500C7E785 /* Build configuration list for PBXNativeTarget "RatesRSSUITests" */ = {
			isa = XCConfigurationList;
			buildConfigurations = (
				40E935E22539ADD500C7E785 /* Debug */,
				40E935E32539ADD500C7E785 /* Release */,
			);
			defaultConfigurationIsVisible = 0;
			defaultConfigurationName = Release;
		};
/* End XCConfigurationList section */
	};
	rootObject = 40E935A92539ADD200C7E785 /* Project object */;
}
